<?xml version="1.0" encoding="utf-8"?>
<Project ToolsVersion="4.0" xmlns="http://schemas.microsoft.com/developer/msbuild/2003">
  <ItemGroup>
    <CudaCompile Include="operations\log\LogCUDAKernels.cu" />
    <CudaCompile Include="operations\matmul\MatMulCUDAKernels.cu" />
    <CudaCompile Include="operations\mul\MulCUDAKernels.cu" />
    <CudaCompile Include="operations\relu\Relu.cu" />
    <CudaCompile Include="operations\sigmoid\SigmoidCUDAKernels.cu" />
    <CudaCompile Include="operations\softmax\SoftmaxCUDAKernels.cu" />
    <CudaCompile Include="operations\sum\SumCUDAKernels.cu" />
    <CudaCompile Include="operations\relu\ReluCUDAKernels.cu" />
    <CudaCompile Include="core\src\DeviceCUDA.cpp" />
    <CudaCompile Include="operations\add\AddCUDAKernels.cu" />
  </ItemGroup>
  <ItemGroup>
    <ClCompile Include="core\src\CudaContextManager.cpp" />
    <ClCompile Include="core\src\LoggingUtils.cpp" />
    <ClCompile Include="core\src\Device.cpp" />
    <ClCompile Include="core\src\DeviceCPU.cpp" />
    <ClCompile Include="core\src\Op.cpp" />
    <ClCompile Include="core\src\Parameter.cpp" />
    <ClCompile Include="core\src\PythonKernel.cpp" />
    <ClCompile Include="core\src\PythonOp.cpp" />
    <ClCompile Include="core\src\Storage.cpp" />
    <ClCompile Include="core\src\Tensor.cpp" />
    <ClCompile Include="operations\add\Add.cpp" />
    <ClCompile Include="operations\add\AddCPUKernels.cpp" />
    <ClCompile Include="operations\log\Log.cpp" />
    <ClCompile Include="operations\log\LogCPUKernels.cpp" />
    <ClCompile Include="operations\matmul\Matmul.cpp" />
    <ClCompile Include="operations\matmul\MatMulCPUKernels.cpp" />
    <ClCompile Include="operations\mul\Mul.cpp" />
    <ClCompile Include="operations\mul\MulCPUKernels.cpp" />
    <ClCompile Include="operations\relu\ReluCPUKernels.cpp" />
    <ClCompile Include="operations\reshape\Reshape.cpp" />
    <ClCompile Include="operations\reshape\ReshapeCPUKernels.cpp" />
    <ClCompile Include="operations\sigmoid\Sigmoid.cpp" />
    <ClCompile Include="operations\sigmoid\SigmoidCPUKernels.cpp" />
    <ClCompile Include="operations\softmax\Softmax.cpp" />
    <ClCompile Include="operations\softmax\SoftmaxCPUKernels.cpp" />
    <ClCompile Include="operations\sum\Sum.cpp" />
    <ClCompile Include="operations\sum\SumCPUKernels.cpp" />
    <ClCompile Include="operations\to\To.cpp" />
    <ClCompile Include="operations\to\ToKernel.cpp" />
    <ClCompile Include="utilities\TensorUtils.cpp" />
  </ItemGroup>
  <ItemGroup>
    <ClInclude Include="core\headers\CudaContextManager.h" />
    <ClInclude Include="core\headers\Exception.h" />
    <ClInclude Include="core\headers\KaruiFlowCore.h" />
    <ClInclude Include="core\headers\Kernel.h" />
    <ClInclude Include="core\headers\LoggingUtils.h" />
    <ClInclude Include="core\headers\memory\Device.h" />
    <ClInclude Include="core\headers\memory\DeviceCPU.h" />
    <ClInclude Include="core\headers\memory\DeviceCUDA.h" />
    <ClInclude Include="core\headers\memory\DType.h" />
    <ClInclude Include="core\headers\memory\Exceptions.h" />
    <ClInclude Include="core\headers\memory\Memory.h" />
    <ClInclude Include="core\headers\memory\Storage.h" />
    <ClInclude Include="core\headers\Op.h" />
    <ClInclude Include="core\headers\Parameter.h" />
    <ClInclude Include="core\headers\PythonKernel.h" />
    <ClInclude Include="core\headers\PythonOp.h" />
    <ClInclude Include="core\headers\Tensor.h" />
    <ClInclude Include="core\src\DeviceCudaAdder.h" />
    <ClInclude Include="KaruiFlow.h" />
    <ClInclude Include="operations\add\Add.h" />
    <ClInclude Include="operations\add\AddCPUKernels.h" />
    <ClInclude Include="operations\KaruiFlowOperations.h" />
    <ClInclude Include="operations\log\Log.h" />
    <ClInclude Include="operations\log\LogCPUKernels.h" />
    <ClInclude Include="operations\matmul\Matmul.h" />
    <ClInclude Include="operations\matmul\MatMulCPUKernels.h" />
    <ClInclude Include="operations\matmul\MatMulCUDAKernels.h" />
    <ClInclude Include="operations\mul\Mul.h" />
    <ClInclude Include="operations\mul\MulCPUKernels.h" />
    <ClInclude Include="operations\mul\MulCUDAKernels.h" />
    <ClInclude Include="operations\relu\Relu.h" />
    <ClInclude Include="operations\relu\ReluCPUKernels.h" />
    <ClInclude Include="operations\reshape\Reshape.h" />
    <ClInclude Include="operations\reshape\ReshapeCPUKernels.h" />
    <ClInclude Include="operations\sigmoid\Sigmoid.h" />
    <ClInclude Include="operations\sigmoid\SigmoidCPUKernels.h" />
    <ClInclude Include="operations\sigmoid\SigmoidCUDAKernels.h" />
    <ClInclude Include="operations\softmax\Softmax.h" />
    <ClInclude Include="operations\softmax\SoftmaxCPUKernels.h" />
    <ClInclude Include="operations\softmax\SoftmaxCUDAKernels.h" />
    <ClInclude Include="operations\sum\Sum.h" />
    <ClInclude Include="operations\sum\SumCPUKernels.h" />
    <ClInclude Include="operations\sum\SumCUDAKernels.h" />
    <ClInclude Include="operations\to\To.h" />
    <ClInclude Include="operations\to\ToKernel.h" />
    <ClInclude Include="utilities\TensorUtils.h" />
    <ClInclude Include="operations\add\AddCUDAKernels.h" />
  </ItemGroup>
</Project>