
Microsoft Visual Studio Solution File, Format Version 12.00
# Visual Studio Version 16
VisualStudioVersion = 16.0.31729.503
MinimumVisualStudioVersion = 10.0.40219.1
Project("{8BC9CEB8-8B4A-11D0-8D11-00A0C91BC942}") = "KaruiFlow", "KaruiFlow\KaruiFlow.vcxproj", "{0C3612EA-64F0-4371-8495-05FE233AA63E}"
EndProject
Project("{8BC9CEB8-8B4A-11D0-8D11-00A0C91BC942}") = "KaruiFlowCUDA", "KaruiFlowCUDA\KaruiFlowCUDA.vcxproj", "{7B75CCFA-8848-485F-996B-24B6EA85B46C}"
EndProject
Global
	GlobalSection(SolutionConfigurationPlatforms) = preSolution
		Debug|x64 = Debug|x64
		Debug|x86 = Debug|x86
		Release|x64 = Release|x64
		Release|x86 = Release|x86
	EndGlobalSection
	GlobalSection(ProjectConfigurationPlatforms) = postSolution
		{0C3612EA-64F0-4371-8495-05FE233AA63E}.Debug|x64.ActiveCfg = Debug|x64
		{0C3612EA-64F0-4371-8495-05FE233AA63E}.Debug|x64.Build.0 = Debug|x64
		{0C3612EA-64F0-4371-8495-05FE233AA63E}.Debug|x86.ActiveCfg = Release|x64
		{0C3612EA-64F0-4371-8495-05FE233AA63E}.Debug|x86.Build.0 = Release|x64
		{0C3612EA-64F0-4371-8495-05FE233AA63E}.Release|x64.ActiveCfg = Release|x64
		{0C3612EA-64F0-4371-8495-05FE233AA63E}.Release|x64.Build.0 = Release|x64
		{0C3612EA-64F0-4371-8495-05FE233AA63E}.Release|x86.ActiveCfg = Release|Win32
		{0C3612EA-64F0-4371-8495-05FE233AA63E}.Release|x86.Build.0 = Release|Win32
		{7B75CCFA-8848-485F-996B-24B6EA85B46C}.Debug|x64.ActiveCfg = Debug|x64
		{7B75CCFA-8848-485F-996B-24B6EA85B46C}.Debug|x64.Build.0 = Debug|x64
		{7B75CCFA-8848-485F-996B-24B6EA85B46C}.Debug|x86.ActiveCfg = Debug|x64
		{7B75CCFA-8848-485F-996B-24B6EA85B46C}.Release|x64.ActiveCfg = Release|x64
		{7B75CCFA-8848-485F-996B-24B6EA85B46C}.Release|x86.ActiveCfg = Release|x64
	EndGlobalSection
	GlobalSection(SolutionProperties) = preSolution
		HideSolutionNode = FALSE
	EndGlobalSection
	GlobalSection(ExtensibilityGlobals) = postSolution
		SolutionGuid = {762BB783-906C-4A71-8964-AA53704F0B2A}
	EndGlobalSection
EndGlobal
